// !$*UTF8*$!
{
	archiveVersion = 1;
	classes = {
	};
	objectVersion = 50;
	objects = {

/* Begin PBXBuildFile section */
		39EA159C218F0470009111B8 /* AppDelegate.swift in Sources */ = {isa = PBXBuildFile; fileRef = 39EA159B218F0470009111B8 /* AppDelegate.swift */; };
		39EA159E218F0470009111B8 /* FirstViewController.swift in Sources */ = {isa = PBXBuildFile; fileRef = 39EA159D218F0470009111B8 /* FirstViewController.swift */; };
		39EA15A0218F0470009111B8 /* SecondViewController.swift in Sources */ = {isa = PBXBuildFile; fileRef = 39EA159F218F0470009111B8 /* SecondViewController.swift */; };
		39EA15A3218F0470009111B8 /* Main.storyboard in Resources */ = {isa = PBXBuildFile; fileRef = 39EA15A1218F0470009111B8 /* Main.storyboard */; };
		39EA15A5218F0472009111B8 /* Assets.xcassets in Resources */ = {isa = PBXBuildFile; fileRef = 39EA15A4218F0472009111B8 /* Assets.xcassets */; };
		39EA15A8218F0472009111B8 /* LaunchScreen.storyboard in Resources */ = {isa = PBXBuildFile; fileRef = 39EA15A6218F0472009111B8 /* LaunchScreen.storyboard */; };
		39EA15B3218F0472009111B8 /* TaskunTests.swift in Sources */ = {isa = PBXBuildFile; fileRef = 39EA15B2218F0472009111B8 /* TaskunTests.swift */; };
		39EA15BE218F0472009111B8 /* TaskunUITests.swift in Sources */ = {isa = PBXBuildFile; fileRef = 39EA15BD218F0472009111B8 /* TaskunUITests.swift */; };
/* End PBXBuildFile section */

/* Begin PBXContainerItemProxy section */
		39EA15AF218F0472009111B8 /* PBXContainerItemProxy */ = {
			isa = PBXContainerItemProxy;
			containerPortal = 39EA1590218F0470009111B8 /* Project object */;
			proxyType = 1;
			remoteGlobalIDString = 39EA1597218F0470009111B8;
			remoteInfo = Taskun;
		};
		39EA15BA218F0472009111B8 /* PBXContainerItemProxy */ = {
			isa = PBXContainerItemProxy;
			containerPortal = 39EA1590218F0470009111B8 /* Project object */;
			proxyType = 1;
			remoteGlobalIDString = 39EA1597218F0470009111B8;
			remoteInfo = Taskun;
		};
/* End PBXContainerItemProxy section */

/* Begin PBXFileReference section */
		39EA1598218F0470009111B8 /* Taskun.app */ = {isa = PBXFileReference; explicitFileType = wrapper.application; includeInIndex = 0; path = Taskun.app; sourceTree = BUILT_PRODUCTS_DIR; };
		39EA159B218F0470009111B8 /* AppDelegate.swift */ = {isa = PBXFileReference; lastKnownFileType = sourcecode.swift; path = AppDelegate.swift; sourceTree = "<group>"; };
		39EA159D218F0470009111B8 /* FirstViewController.swift */ = {isa = PBXFileReference; lastKnownFileType = sourcecode.swift; path = FirstViewController.swift; sourceTree = "<group>"; };
		39EA159F218F0470009111B8 /* SecondViewController.swift */ = {isa = PBXFileReference; lastKnownFileType = sourcecode.swift; path = SecondViewController.swift; sourceTree = "<group>"; };
		39EA15A2218F0470009111B8 /* Base */ = {isa = PBXFileReference; lastKnownFileType = file.storyboard; name = Base; path = Base.lproj/Main.storyboard; sourceTree = "<group>"; };
		39EA15A4218F0472009111B8 /* Assets.xcassets */ = {isa = PBXFileReference; lastKnownFileType = folder.assetcatalog; path = Assets.xcassets; sourceTree = "<group>"; };
		39EA15A7218F0472009111B8 /* Base */ = {isa = PBXFileReference; lastKnownFileType = file.storyboard; name = Base; path = Base.lproj/LaunchScreen.storyboard; sourceTree = "<group>"; };
		39EA15A9218F0472009111B8 /* Info.plist */ = {isa = PBXFileReference; lastKnownFileType = text.plist.xml; path = Info.plist; sourceTree = "<group>"; };
		39EA15AE218F0472009111B8 /* TaskunTests.xctest */ = {isa = PBXFileReference; explicitFileType = wrapper.cfbundle; includeInIndex = 0; path = TaskunTests.xctest; sourceTree = BUILT_PRODUCTS_DIR; };
		39EA15B2218F0472009111B8 /* TaskunTests.swift */ = {isa = PBXFileReference; lastKnownFileType = sourcecode.swift; path = TaskunTests.swift; sourceTree = "<group>"; };
		39EA15B4218F0472009111B8 /* Info.plist */ = {isa = PBXFileReference; lastKnownFileType = text.plist.xml; path = Info.plist; sourceTree = "<group>"; };
		39EA15B9218F0472009111B8 /* TaskunUITests.xctest */ = {isa = PBXFileReference; explicitFileType = wrapper.cfbundle; includeInIndex = 0; path = TaskunUITests.xctest; sourceTree = BUILT_PRODUCTS_DIR; };
		39EA15BD218F0472009111B8 /* TaskunUITests.swift */ = {isa = PBXFileReference; lastKnownFileType = sourcecode.swift; path = TaskunUITests.swift; sourceTree = "<group>"; };
		39EA15BF218F0472009111B8 /* Info.plist */ = {isa = PBXFileReference; lastKnownFileType = text.plist.xml; path = Info.plist; sourceTree = "<group>"; };
/* End PBXFileReference section */

/* Begin PBXFrameworksBuildPhase section */
		39EA1595218F0470009111B8 /* Frameworks */ = {
			isa = PBXFrameworksBuildPhase;
			buildActionMask = 2147483647;
			files = (
			);
			runOnlyForDeploymentPostprocessing = 0;
		};
		39EA15AB218F0472009111B8 /* Frameworks */ = {
			isa = PBXFrameworksBuildPhase;
			buildActionMask = 2147483647;
			files = (
			);
			runOnlyForDeploymentPostprocessing = 0;
		};
		39EA15B6218F0472009111B8 /* Frameworks */ = {
			isa = PBXFrameworksBuildPhase;
			buildActionMask = 2147483647;
			files = (
			);
			runOnlyForDeploymentPostprocessing = 0;
		};
/* End PBXFrameworksBuildPhase section */

/* Begin PBXGroup section */
		39EA158F218F0470009111B8 = {
			isa = PBXGroup;
			children = (
				39EA159A218F0470009111B8 /* Taskun */,
				39EA15B1218F0472009111B8 /* TaskunTests */,
				39EA15BC218F0472009111B8 /* TaskunUITests */,
				39EA1599218F0470009111B8 /* Products */,
			);
			sourceTree = "<group>";
		};
		39EA1599218F0470009111B8 /* Products */ = {
			isa = PBXGroup;
			children = (
				39EA1598218F0470009111B8 /* Taskun.app */,
				39EA15AE218F0472009111B8 /* TaskunTests.xctest */,
				39EA15B9218F0472009111B8 /* TaskunUITests.xctest */,
			);
			name = Products;
			sourceTree = "<group>";
		};
		39EA159A218F0470009111B8 /* Taskun */ = {
			isa = PBXGroup;
			children = (
				39EA159B218F0470009111B8 /* AppDelegate.swift */,
				39EA159D218F0470009111B8 /* FirstViewController.swift */,
				39EA159F218F0470009111B8 /* SecondViewController.swift */,
				39EA15A1218F0470009111B8 /* Main.storyboard */,
				39EA15A4218F0472009111B8 /* Assets.xcassets */,
				39EA15A6218F0472009111B8 /* LaunchScreen.storyboard */,
				39EA15A9218F0472009111B8 /* Info.plist */,
			);
			path = Taskun;
			sourceTree = "<group>";
		};
		39EA15B1218F0472009111B8 /* TaskunTests */ = {
			isa = PBXGroup;
			children = (
				39EA15B2218F0472009111B8 /* TaskunTests.swift */,
				39EA15B4218F0472009111B8 /* Info.plist */,
			);
			path = TaskunTests;
			sourceTree = "<group>";
		};
		39EA15BC218F0472009111B8 /* TaskunUITests */ = {
			isa = PBXGroup;
			children = (
				39EA15BD218F0472009111B8 /* TaskunUITests.swift */,
				39EA15BF218F0472009111B8 /* Info.plist */,
			);
			path = TaskunUITests;
			sourceTree = "<group>";
		};
/* End PBXGroup section */

/* Begin PBXNativeTarget section */
		39EA1597218F0470009111B8 /* Taskun */ = {
			isa = PBXNativeTarget;
			buildConfigurationList = 39EA15C2218F0472009111B8 /* Build configuration list for PBXNativeTarget "Taskun" */;
			buildPhases = (
				39EA1594218F0470009111B8 /* Sources */,
				39EA1595218F0470009111B8 /* Frameworks */,
				39EA1596218F0470009111B8 /* Resources */,
			);
			buildRules = (
			);
			dependencies = (
			);
			name = Taskun;
			productName = Taskun;
			productReference = 39EA1598218F0470009111B8 /* Taskun.app */;
			productType = "com.apple.product-type.application";
		};
		39EA15AD218F0472009111B8 /* TaskunTests */ = {
			isa = PBXNativeTarget;
			buildConfigurationList = 39EA15C5218F0472009111B8 /* Build configuration list for PBXNativeTarget "TaskunTests" */;
			buildPhases = (
				39EA15AA218F0472009111B8 /* Sources */,
				39EA15AB218F0472009111B8 /* Frameworks */,
				39EA15AC218F0472009111B8 /* Resources */,
			);
			buildRules = (
			);
			dependencies = (
				39EA15B0218F0472009111B8 /* PBXTargetDependency */,
			);
			name = TaskunTests;
			productName = TaskunTests;
			productReference = 39EA15AE218F0472009111B8 /* TaskunTests.xctest */;
			productType = "com.apple.product-type.bundle.unit-test";
		};
		39EA15B8218F0472009111B8 /* TaskunUITests */ = {
			isa = PBXNativeTarget;
			buildConfigurationList = 39EA15C8218F0472009111B8 /* Build configuration list for PBXNativeTarget "TaskunUITests" */;
			buildPhases = (
				39EA15B5218F0472009111B8 /* Sources */,
				39EA15B6218F0472009111B8 /* Frameworks */,
				39EA15B7218F0472009111B8 /* Resources */,
			);
			buildRules = (
			);
			dependencies = (
				39EA15BB218F0472009111B8 /* PBXTargetDependency */,
			);
			name = TaskunUITests;
			productName = TaskunUITests;
			productReference = 39EA15B9218F0472009111B8 /* TaskunUITests.xctest */;
			productType = "com.apple.product-type.bundle.ui-testing";
		};
/* End PBXNativeTarget section */

/* Begin PBXProject section */
		39EA1590218F0470009111B8 /* Project object */ = {
			isa = PBXProject;
			attributes = {
				LastSwiftUpdateCheck = 1010;
				LastUpgradeCheck = 1010;
				ORGANIZATIONNAME = "None, Inc.";
				TargetAttributes = {
					39EA1597218F0470009111B8 = {
						CreatedOnToolsVersion = 10.1;
					};
					39EA15AD218F0472009111B8 = {
						CreatedOnToolsVersion = 10.1;
						TestTargetID = 39EA1597218F0470009111B8;
					};
					39EA15B8218F0472009111B8 = {
						CreatedOnToolsVersion = 10.1;
						TestTargetID = 39EA1597218F0470009111B8;
					};
				};
			};
			buildConfigurationList = 39EA1593218F0470009111B8 /* Build configuration list for PBXProject "Taskun" */;
			compatibilityVersion = "Xcode 9.3";
			developmentRegion = en;
			hasScannedForEncodings = 0;
			knownRegions = (
				en,
				Base,
			);
			mainGroup = 39EA158F218F0470009111B8;
			productRefGroup = 39EA1599218F0470009111B8 /* Products */;
			projectDirPath = "";
			projectRoot = "";
			targets = (
				39EA1597218F0470009111B8 /* Taskun */,
				39EA15AD218F0472009111B8 /* TaskunTests */,
				39EA15B8218F0472009111B8 /* TaskunUITests */,
			);
		};
/* End PBXProject section */

/* Begin PBXResourcesBuildPhase section */
		39EA1596218F0470009111B8 /* Resources */ = {
			isa = PBXResourcesBuildPhase;
			buildActionMask = 2147483647;
			files = (
				39EA15A8218F0472009111B8 /* LaunchScreen.storyboard in Resources */,
				39EA15A5218F0472009111B8 /* Assets.xcassets in Resources */,
				39EA15A3218F0470009111B8 /* Main.storyboard in Resources */,
			);
			runOnlyForDeploymentPostprocessing = 0;
		};
		39EA15AC218F0472009111B8 /* Resources */ = {
			isa = PBXResourcesBuildPhase;
			buildActionMask = 2147483647;
			files = (
			);
			runOnlyForDeploymentPostprocessing = 0;
		};
		39EA15B7218F0472009111B8 /* Resources */ = {
			isa = PBXResourcesBuildPhase;
			buildActionMask = 2147483647;
			files = (
			);
			runOnlyForDeploymentPostprocessing = 0;
		};
/* End PBXResourcesBuildPhase section */

/* Begin PBXSourcesBuildPhase section */
		39EA1594218F0470009111B8 /* Sources */ = {
			isa = PBXSourcesBuildPhase;
			buildActionMask = 2147483647;
			files = (
				39EA15A0218F0470009111B8 /* SecondViewController.swift in Sources */,
				39EA159C218F0470009111B8 /* AppDelegate.swift in Sources */,
				39EA159E218F0470009111B8 /* FirstViewController.swift in Sources */,
			);
			runOnlyForDeploymentPostprocessing = 0;
		};
		39EA15AA218F0472009111B8 /* Sources */ = {
			isa = PBXSourcesBuildPhase;
			buildActionMask = 2147483647;
			files = (
				39EA15B3218F0472009111B8 /* TaskunTests.swift in Sources */,
			);
			runOnlyForDeploymentPostprocessing = 0;
		};
		39EA15B5218F0472009111B8 /* Sources */ = {
			isa = PBXSourcesBuildPhase;
			buildActionMask = 2147483647;
			files = (
				39EA15BE218F0472009111B8 /* TaskunUITests.swift in Sources */,
			);
			runOnlyForDeploymentPostprocessing = 0;
		};
/* End PBXSourcesBuildPhase section */

/* Begin PBXTargetDependency section */
		39EA15B0218F0472009111B8 /* PBXTargetDependency */ = {
			isa = PBXTargetDependency;
			target = 39EA1597218F0470009111B8 /* Taskun */;
			targetProxy = 39EA15AF218F0472009111B8 /* PBXContainerItemProxy */;
		};
		39EA15BB218F0472009111B8 /* PBXTargetDependency */ = {
			isa = PBXTargetDependency;
			target = 39EA1597218F0470009111B8 /* Taskun */;
			targetProxy = 39EA15BA218F0472009111B8 /* PBXContainerItemProxy */;
		};
/* End PBXTargetDependency section */

/* Begin PBXVariantGroup section */
		39EA15A1218F0470009111B8 /* Main.storyboard */ = {
			isa = PBXVariantGroup;
			children = (
				39EA15A2218F0470009111B8 /* Base */,
			);
			name = Main.storyboard;
			sourceTree = "<group>";
		};
		39EA15A6218F0472009111B8 /* LaunchScreen.storyboard */ = {
			isa = PBXVariantGroup;
			children = (
				39EA15A7218F0472009111B8 /* Base */,
			);
			name = LaunchScreen.storyboard;
			sourceTree = "<group>";
		};
/* End PBXVariantGroup section */

/* Begin XCBuildConfiguration section */
		39EA15C0218F0472009111B8 /* Debug */ = {
			isa = XCBuildConfiguration;
			buildSettings = {
				ALWAYS_SEARCH_USER_PATHS = NO;
				CLANG_ANALYZER_NONNULL = YES;
				CLANG_ANALYZER_NUMBER_OBJECT_CONVERSION = YES_AGGRESSIVE;
				CLANG_CXX_LANGUAGE_STANDARD = "gnu++14";
				CLANG_CXX_LIBRARY = "libc++";
				CLANG_ENABLE_MODULES = YES;
				CLANG_ENABLE_OBJC_ARC = YES;
				CLANG_ENABLE_OBJC_WEAK = YES;
				CLANG_WARN_BLOCK_CAPTURE_AUTORELEASING = YES;
				CLANG_WARN_BOOL_CONVERSION = YES;
				CLANG_WARN_COMMA = YES;
				CLANG_WARN_CONSTANT_CONVERSION = YES;
				CLANG_WARN_DEPRECATED_OBJC_IMPLEMENTATIONS = YES;
				CLANG_WARN_DIRECT_OBJC_ISA_USAGE = YES_ERROR;
				CLANG_WARN_DOCUMENTATION_COMMENTS = YES;
				CLANG_WARN_EMPTY_BODY = YES;
				CLANG_WARN_ENUM_CONVERSION = YES;
				CLANG_WARN_INFINITE_RECURSION = YES;
				CLANG_WARN_INT_CONVERSION = YES;
				CLANG_WARN_NON_LITERAL_NULL_CONVERSION = YES;
				CLANG_WARN_OBJC_IMPLICIT_RETAIN_SELF = YES;
				CLANG_WARN_OBJC_LITERAL_CONVERSION = YES;
				CLANG_WARN_OBJC_ROOT_CLASS = YES_ERROR;
				CLANG_WARN_RANGE_LOOP_ANALYSIS = YES;
				CLANG_WARN_STRICT_PROTOTYPES = YES;
				CLANG_WARN_SUSPICIOUS_MOVE = YES;
				CLANG_WARN_UNGUARDED_AVAILABILITY = YES_AGGRESSIVE;
				CLANG_WARN_UNREACHABLE_CODE = YES;
				CLANG_WARN__DUPLICATE_METHOD_MATCH = YES;
				CODE_SIGN_IDENTITY = "iPhone Developer";
				COPY_PHASE_STRIP = NO;
				DEBUG_INFORMATION_FORMAT = dwarf;
				ENABLE_STRICT_OBJC_MSGSEND = YES;
				ENABLE_TESTABILITY = YES;
				GCC_C_LANGUAGE_STANDARD = gnu11;
				GCC_DYNAMIC_NO_PIC = NO;
				GCC_NO_COMMON_BLOCKS = YES;
				GCC_OPTIMIZATION_LEVEL = 0;
				GCC_PREPROCESSOR_DEFINITIONS = (
					"DEBUG=1",
					"$(inherited)",
				);
				GCC_WARN_64_TO_32_BIT_CONVERSION = YES;
				GCC_WARN_ABOUT_RETURN_TYPE = YES_ERROR;
				GCC_WARN_UNDECLARED_SELECTOR = YES;
				GCC_WARN_UNINITIALIZED_AUTOS = YES_AGGRESSIVE;
				GCC_WARN_UNUSED_FUNCTION = YES;
				GCC_WARN_UNUSED_VARIABLE = YES;
				IPHONEOS_DEPLOYMENT_TARGET = 12.1;
				MTL_ENABLE_DEBUG_INFO = INCLUDE_SOURCE;
				MTL_FAST_MATH = YES;
				ONLY_ACTIVE_ARCH = YES;
				SDKROOT = iphoneos;
				SWIFT_ACTIVE_COMPILATION_CONDITIONS = DEBUG;
				SWIFT_OPTIMIZATION_LEVEL = "-Onone";
			};
			name = Debug;
		};
		39EA15C1218F0472009111B8 /* Release */ = {
			isa = XCBuildConfiguration;
			buildSettings = {
				ALWAYS_SEARCH_USER_PATHS = NO;
				CLANG_ANALYZER_NONNULL = YES;
				CLANG_ANALYZER_NUMBER_OBJECT_CONVERSION = YES_AGGRESSIVE;
				CLANG_CXX_LANGUAGE_STANDARD = "gnu++14";
				CLANG_CXX_LIBRARY = "libc++";
				CLANG_ENABLE_MODULES = YES;
				CLANG_ENABLE_OBJC_ARC = YES;
				CLANG_ENABLE_OBJC_WEAK = YES;
				CLANG_WARN_BLOCK_CAPTURE_AUTORELEASING = YES;
				CLANG_WARN_BOOL_CONVERSION = YES;
				CLANG_WARN_COMMA = YES;
				CLANG_WARN_CONSTANT_CONVERSION = YES;
				CLANG_WARN_DEPRECATED_OBJC_IMPLEMENTATIONS = YES;
				CLANG_WARN_DIRECT_OBJC_ISA_USAGE = YES_ERROR;
				CLANG_WARN_DOCUMENTATION_COMMENTS = YES;
				CLANG_WARN_EMPTY_BODY = YES;
				CLANG_WARN_ENUM_CONVERSION = YES;
				CLANG_WARN_INFINITE_RECURSION = YES;
				CLANG_WARN_INT_CONVERSION = YES;
				CLANG_WARN_NON_LITERAL_NULL_CONVERSION = YES;
				CLANG_WARN_OBJC_IMPLICIT_RETAIN_SELF = YES;
				CLANG_WARN_OBJC_LITERAL_CONVERSION = YES;
				CLANG_WARN_OBJC_ROOT_CLASS = YES_ERROR;
				CLANG_WARN_RANGE_LOOP_ANALYSIS = YES;
				CLANG_WARN_STRICT_PROTOTYPES = YES;
				CLANG_WARN_SUSPICIOUS_MOVE = YES;
				CLANG_WARN_UNGUARDED_AVAILABILITY = YES_AGGRESSIVE;
				CLANG_WARN_UNREACHABLE_CODE = YES;
				CLANG_WARN__DUPLICATE_METHOD_MATCH = YES;
				CODE_SIGN_IDENTITY = "iPhone Developer";
				COPY_PHASE_STRIP = NO;
				DEBUG_INFORMATION_FORMAT = "dwarf-with-dsym";
				ENABLE_NS_ASSERTIONS = NO;
				ENABLE_STRICT_OBJC_MSGSEND = YES;
				GCC_C_LANGUAGE_STANDARD = gnu11;
				GCC_NO_COMMON_BLOCKS = YES;
				GCC_WARN_64_TO_32_BIT_CONVERSION = YES;
				GCC_WARN_ABOUT_RETURN_TYPE = YES_ERROR;
				GCC_WARN_UNDECLARED_SELECTOR = YES;
				GCC_WARN_UNINITIALIZED_AUTOS = YES_AGGRESSIVE;
				GCC_WARN_UNUSED_FUNCTION = YES;
				GCC_WARN_UNUSED_VARIABLE = YES;
				IPHONEOS_DEPLOYMENT_TARGET = 12.1;
				MTL_ENABLE_DEBUG_INFO = NO;
				MTL_FAST_MATH = YES;
				SDKROOT = iphoneos;
				SWIFT_COMPILATION_MODE = wholemodule;
				SWIFT_OPTIMIZATION_LEVEL = "-O";
				VALIDATE_PRODUCT = YES;
			};
			name = Release;
		};
		39EA15C3218F0472009111B8 /* Debug */ = {
			isa = XCBuildConfiguration;
			buildSettings = {
				ASSETCATALOG_COMPILER_APPICON_NAME = AppIcon;
				CODE_SIGN_STYLE = Automatic;
				DEVELOPMENT_TEAM = Y68GK4HM37;
				INFOPLIST_FILE = Taskun/Info.plist;
				LD_RUNPATH_SEARCH_PATHS = (
					"$(inherited)",
					"@executable_path/Frameworks",
				);
				PRODUCT_BUNDLE_IDENTIFIER = "my-none.Taskun";
				PRODUCT_NAME = "$(TARGET_NAME)";
				SWIFT_VERSION = 4.2;
				TARGETED_DEVICE_FAMILY = "1,2";
			};
			name = Debug;
		};
		39EA15C4218F0472009111B8 /* Release */ = {
			isa = XCBuildConfiguration;
			buildSettings = {
				ASSETCATALOG_COMPILER_APPICON_NAME = AppIcon;
				CODE_SIGN_STYLE = Automatic;
				DEVELOPMENT_TEAM = Y68GK4HM37;
				INFOPLIST_FILE = Taskun/Info.plist;
				LD_RUNPATH_SEARCH_PATHS = (
					"$(inherited)",
					"@executable_path/Frameworks",
				);
				PRODUCT_BUNDLE_IDENTIFIER = "my-none.Taskun";
				PRODUCT_NAME = "$(TARGET_NAME)";
				SWIFT_VERSION = 4.2;
				TARGETED_DEVICE_FAMILY = "1,2";
			};
			name = Release;
		};
		39EA15C6218F0472009111B8 /* Debug */ = {
			isa = XCBuildConfiguration;
			buildSettings = {
				ALWAYS_EMBED_SWIFT_STANDARD_LIBRARIES = YES;
				BUNDLE_LOADER = "$(TEST_HOST)";
				CODE_SIGN_STYLE = Automatic;
				DEVELOPMENT_TEAM = Y68GK4HM37;
				INFOPLIST_FILE = TaskunTests/Info.plist;
				LD_RUNPATH_SEARCH_PATHS = (
					"$(inherited)",
					"@executable_path/Frameworks",
					"@loader_path/Frameworks",
				);
				PRODUCT_BUNDLE_IDENTIFIER = "my-none.TaskunTests";
				PRODUCT_NAME = "$(TARGET_NAME)";
				SWIFT_VERSION = 4.2;
				TARGETED_DEVICE_FAMILY = "1,2";
				TEST_HOST = "$(BUILT_PRODUCTS_DIR)/Taskun.app/Taskun";
			};
			name = Debug;
		};
		39EA15C7218F0472009111B8 /* Release */ = {
			isa = XCBuildConfiguration;
			buildSettings = {
				ALWAYS_EMBED_SWIFT_STANDARD_LIBRARIES = YES;
				BUNDLE_LOADER = "$(TEST_HOST)";
				CODE_SIGN_STYLE = Automatic;
				DEVELOPMENT_TEAM = Y68GK4HM37;
				INFOPLIST_FILE = TaskunTests/Info.plist;
				LD_RUNPATH_SEARCH_PATHS = (
					"$(inherited)",
					"@executable_path/Frameworks",
					"@loader_path/Frameworks",
				);
				PRODUCT_BUNDLE_IDENTIFIER = "my-none.TaskunTests";
				PRODUCT_NAME = "$(TARGET_NAME)";
				SWIFT_VERSION = 4.2;
				TARGETED_DEVICE_FAMILY = "1,2";
				TEST_HOST = "$(BUILT_PRODUCTS_DIR)/Taskun.app/Taskun";
			};
			name = Release;
		};
		39EA15C9218F0472009111B8 /* Debug */ = {
			isa = XCBuildConfiguration;
			buildSettings = {
				ALWAYS_EMBED_SWIFT_STANDARD_LIBRARIES = YES;
				CODE_SIGN_STYLE = Automatic;
				DEVELOPMENT_TEAM = Y68GK4HM37;
				INFOPLIST_FILE = TaskunUITests/Info.plist;
				LD_RUNPATH_SEARCH_PATHS = (
					"$(inherited)",
					"@executable_path/Frameworks",
					"@loader_path/Frameworks",
				);
				PRODUCT_BUNDLE_IDENTIFIER = "my-none.TaskunUITests";
				PRODUCT_NAME = "$(TARGET_NAME)";
				SWIFT_VERSION = 4.2;
				TARGETED_DEVICE_FAMILY = "1,2";
				TEST_TARGET_NAME = Taskun;
			};
			name = Debug;
		};
		39EA15CA218F0472009111B8 /* Release */ = {
			isa = XCBuildConfiguration;
			buildSettings = {
				ALWAYS_EMBED_SWIFT_STANDARD_LIBRARIES = YES;
				CODE_SIGN_STYLE = Automatic;
				DEVELOPMENT_TEAM = Y68GK4HM37;
				INFOPLIST_FILE = TaskunUITests/Info.plist;
				LD_RUNPATH_SEARCH_PATHS = (
					"$(inherited)",
					"@executable_path/Frameworks",
					"@loader_path/Frameworks",
				);
				PRODUCT_BUNDLE_IDENTIFIER = "my-none.TaskunUITests";
				PRODUCT_NAME = "$(TARGET_NAME)";
				SWIFT_VERSION = 4.2;
				TARGETED_DEVICE_FAMILY = "1,2";
				TEST_TARGET_NAME = Taskun;
			};
			name = Release;
		};
/* End XCBuildConfiguration section */

/* Begin XCConfigurationList section */
		39EA1593218F0470009111B8 /* Build configuration list for PBXProject "Taskun" */ = {
			isa = XCConfigurationList;
			buildConfigurations = (
				39EA15C0218F0472009111B8 /* Debug */,
				39EA15C1218F0472009111B8 /* Release */,
			);
			defaultConfigurationIsVisible = 0;
			defaultConfigurationName = Release;
		};
		39EA15C2218F0472009111B8 /* Build configuration list for PBXNativeTarget "Taskun" */ = {
			isa = XCConfigurationList;
			buildConfigurations = (
				39EA15C3218F0472009111B8 /* Debug */,
				39EA15C4218F0472009111B8 /* Release */,
			);
			defaultConfigurationIsVisible = 0;
			defaultConfigurationName = Release;
		};
		39EA15C5218F0472009111B8 /* Build configuration list for PBXNativeTarget "TaskunTests" */ = {
			isa = XCConfigurationList;
			buildConfigurations = (
				39EA15C6218F0472009111B8 /* Debug */,
				39EA15C7218F0472009111B8 /* Release */,
			);
			defaultConfigurationIsVisible = 0;
			defaultConfigurationName = Release;
		};
		39EA15C8218F0472009111B8 /* Build configuration list for PBXNativeTarget "TaskunUITests" */ = {
			isa = XCConfigurationList;
			buildConfigurations = (
				39EA15C9218F0472009111B8 /* Debug */,
				39EA15CA218F0472009111B8 /* Release */,
			);
			defaultConfigurationIsVisible = 0;
			defaultConfigurationName = Release;
		};
/* End XCConfigurationList section */
	};
	rootObject = 39EA1590218F0470009111B8 /* Project object */;
}
